
Microsoft Visual Studio Solution File, Format Version 12.00
# Visual Studio 2012
Project("{FAE04EC0-301F-11D3-BF4B-00C04F79EFBC}") = "01DecimalToBinary", "01DecimalToBinary\01DecimalToBinary.csproj", "{D3243293-64BC-4B0D-8BCE-E2BD31385F81}"
EndProject
Project("{FAE04EC0-301F-11D3-BF4B-00C04F79EFBC}") = "02BinaryToDecimal", "02BinaryToDecimal\02BinaryToDecimal.csproj", "{E74CD882-46A0-47C7-A2BC-32FBF795D09B}"
EndProject
Project("{FAE04EC0-301F-11D3-BF4B-00C04F79EFBC}") = "03DecimalToHexadecimal", "03DecimalToHexadecimal\03DecimalToHexadecimal.csproj", "{9BFA4BAE-B967-4B00-B3EC-9E34304BDF3D}"
EndProject
Project("{FAE04EC0-301F-11D3-BF4B-00C04F79EFBC}") = "04HexadecimalToDecimal", "04HexadecimalToDecimal\04HexadecimalToDecimal.csproj", "{1C5C738E-44C9-4291-9B0F-E769902ADCC8}"
EndProject
Project("{FAE04EC0-301F-11D3-BF4B-00C04F79EFBC}") = "07SBaseToDBase", "07SBaseToDBase\07SBaseToDBase.csproj", "{B4B5C330-1BD9-4469-861B-793A313D890D}"
EndProject
Project("{FAE04EC0-301F-11D3-BF4B-00C04F79EFBC}") = "05HexadecimalToBinary", "05HexadecimalToBinary\05HexadecimalToBinary.csproj", "{341F0944-9EE4-447A-86ED-5F0C4BB6E2DA}"
EndProject
Project("{FAE04EC0-301F-11D3-BF4B-00C04F79EFBC}") = "06BinaryToHexadecimal", "06BinaryToHexadecimal\06BinaryToHexadecimal.csproj", "{22CB26FE-F72D-4E77-82C3-6787142DF1B6}"
EndProject
Project("{FAE04EC0-301F-11D3-BF4B-00C04F79EFBC}") = "08SignedIntegerToBinary", "08SignedIntegerToBinary\08SignedIntegerToBinary.csproj", "{6733AAB4-3197-4A59-803B-07D5F0035077}"
EndProject
Global
	GlobalSection(SolutionConfigurationPlatforms) = preSolution
		Debug|Any CPU = Debug|Any CPU
		Release|Any CPU = Release|Any CPU
	EndGlobalSection
	GlobalSection(ProjectConfigurationPlatforms) = postSolution
		{D3243293-64BC-4B0D-8BCE-E2BD31385F81}.Debug|Any CPU.ActiveCfg = Debug|Any CPU
		{D3243293-64BC-4B0D-8BCE-E2BD31385F81}.Debug|Any CPU.Build.0 = Debug|Any CPU
		{D3243293-64BC-4B0D-8BCE-E2BD31385F81}.Release|Any CPU.ActiveCfg = Release|Any CPU
		{D3243293-64BC-4B0D-8BCE-E2BD31385F81}.Release|Any CPU.Build.0 = Release|Any CPU
		{E74CD882-46A0-47C7-A2BC-32FBF795D09B}.Debug|Any CPU.ActiveCfg = Debug|Any CPU
		{E74CD882-46A0-47C7-A2BC-32FBF795D09B}.Debug|Any CPU.Build.0 = Debug|Any CPU
		{E74CD882-46A0-47C7-A2BC-32FBF795D09B}.Release|Any CPU.ActiveCfg = Release|Any CPU
		{E74CD882-46A0-47C7-A2BC-32FBF795D09B}.Release|Any CPU.Build.0 = Release|Any CPU
		{9BFA4BAE-B967-4B00-B3EC-9E34304BDF3D}.Debug|Any CPU.ActiveCfg = Debug|Any CPU
		{9BFA4BAE-B967-4B00-B3EC-9E34304BDF3D}.Debug|Any CPU.Build.0 = Debug|Any CPU
		{9BFA4BAE-B967-4B00-B3EC-9E34304BDF3D}.Release|Any CPU.ActiveCfg = Release|Any CPU
		{9BFA4BAE-B967-4B00-B3EC-9E34304BDF3D}.Release|Any CPU.Build.0 = Release|Any CPU
		{1C5C738E-44C9-4291-9B0F-E769902ADCC8}.Debug|Any CPU.ActiveCfg = Debug|Any CPU
		{1C5C738E-44C9-4291-9B0F-E769902ADCC8}.Debug|Any CPU.Build.0 = Debug|Any CPU
		{1C5C738E-44C9-4291-9B0F-E769902ADCC8}.Release|Any CPU.ActiveCfg = Release|Any CPU
		{1C5C738E-44C9-4291-9B0F-E769902ADCC8}.Release|Any CPU.Build.0 = Release|Any CPU
		{B4B5C330-1BD9-4469-861B-793A313D890D}.Debug|Any CPU.ActiveCfg = Debug|Any CPU
		{B4B5C330-1BD9-4469-861B-793A313D890D}.Debug|Any CPU.Build.0 = Debug|Any CPU
		{B4B5C330-1BD9-4469-861B-793A313D890D}.Release|Any CPU.ActiveCfg = Release|Any CPU
		{B4B5C330-1BD9-4469-861B-793A313D890D}.Release|Any CPU.Build.0 = Release|Any CPU
		{341F0944-9EE4-447A-86ED-5F0C4BB6E2DA}.Debug|Any CPU.ActiveCfg = Debug|Any CPU
		{341F0944-9EE4-447A-86ED-5F0C4BB6E2DA}.Debug|Any CPU.Build.0 = Debug|Any CPU
		{341F0944-9EE4-447A-86ED-5F0C4BB6E2DA}.Release|Any CPU.ActiveCfg = Release|Any CPU
		{341F0944-9EE4-447A-86ED-5F0C4BB6E2DA}.Release|Any CPU.Build.0 = Release|Any CPU
		{22CB26FE-F72D-4E77-82C3-6787142DF1B6}.Debug|Any CPU.ActiveCfg = Debug|Any CPU
		{22CB26FE-F72D-4E77-82C3-6787142DF1B6}.Debug|Any CPU.Build.0 = Debug|Any CPU
		{22CB26FE-F72D-4E77-82C3-6787142DF1B6}.Release|Any CPU.ActiveCfg = Release|Any CPU
		{22CB26FE-F72D-4E77-82C3-6787142DF1B6}.Release|Any CPU.Build.0 = Release|Any CPU
		{6733AAB4-3197-4A59-803B-07D5F0035077}.Debug|Any CPU.ActiveCfg = Debug|Any CPU
		{6733AAB4-3197-4A59-803B-07D5F0035077}.Debug|Any CPU.Build.0 = Debug|Any CPU
		{6733AAB4-3197-4A59-803B-07D5F0035077}.Release|Any CPU.ActiveCfg = Release|Any CPU
		{6733AAB4-3197-4A59-803B-07D5F0035077}.Release|Any CPU.Build.0 = Release|Any CPU
	EndGlobalSection
	GlobalSection(SolutionProperties) = preSolution
		HideSolutionNode = FALSE
	EndGlobalSection
EndGlobal
